PODS:
  - BcyesilCapacitorPluginPrinter (0.0.6):
    - Capacitor
  - Capacitor (6.2.1):
    - CapacitorCordova
  - CapacitorCordova (6.2.1)

DEPENDENCIES:
  - "BcyesilCapacitorPluginPrinter (from `../../node_modules/@bcyesil/capacitor-plugin-printer`)"
  - "Capacitor (from `../../node_modules/@capacitor/ios`)"
  - "CapacitorCordova (from `../../node_modules/@capacitor/ios`)"

EXTERNAL SOURCES:
  BcyesilCapacitorPluginPrinter:
    :path: "../../node_modules/@bcyesil/capacitor-plugin-printer"
  Capacitor:
    :path: "../../node_modules/@capacitor/ios"
  CapacitorCordova:
    :path: "../../node_modules/@capacitor/ios"

SPEC CHECKSUMS:
  BcyesilCapacitorPluginPrinter: a6fc99e883cd20165062d8c086e73b24df6a126d
  Capacitor: c95400d761e376be9da6be5a05f226c0e865cebf
  CapacitorCordova: 8d93e14982f440181be7304aa9559ca631d77fff

PODFILE CHECKSUM: d3fca3f2f8ea2a32a3dd1abc99816cc473f5fc5a

COCOAPODS: 1.16.2
